
Microsoft Visual Studio Solution File, Format Version 12.00
# Visual Studio Version 17
VisualStudioVersion = 17.9.34902.65
MinimumVisualStudioVersion = 10.0.40219.1
Project("{FAE04EC0-301F-11D3-BF4B-00C04F79EFBC}") = "PRU321.ComingHome.API", "PRU321.ComingHome.API\PRU321.ComingHome.API.csproj", "{CFB48EC1-3DB3-4F11-BD5A-3A7901B5E523}"
EndProject
Project("{FAE04EC0-301F-11D3-BF4B-00C04F79EFBC}") = "PRU321.ComingHome.BusinessLayer", "PRU321.ComingHome.BusinessLayer\PRU321.ComingHome.BusinessLayer.csproj", "{5658B1DC-731A-49F5-BBC6-5C8625816D89}"
EndProject
Project("{FAE04EC0-301F-11D3-BF4B-00C04F79EFBC}") = "PRU321.ComingHome.DataLayer", "PRU321.ComingHome.DataLayer\PRU321.ComingHome.DataLayer.csproj", "{1BD75F16-6EC7-4E15-A411-F508CD65FE5D}"
EndProject
Global
	GlobalSection(SolutionConfigurationPlatforms) = preSolution
		Debug|Any CPU = Debug|Any CPU
		Release|Any CPU = Release|Any CPU
	EndGlobalSection
	GlobalSection(ProjectConfigurationPlatforms) = postSolution
		{CFB48EC1-3DB3-4F11-BD5A-3A7901B5E523}.Debug|Any CPU.ActiveCfg = Debug|Any CPU
		{CFB48EC1-3DB3-4F11-BD5A-3A7901B5E523}.Debug|Any CPU.Build.0 = Debug|Any CPU
		{CFB48EC1-3DB3-4F11-BD5A-3A7901B5E523}.Release|Any CPU.ActiveCfg = Release|Any CPU
		{CFB48EC1-3DB3-4F11-BD5A-3A7901B5E523}.Release|Any CPU.Build.0 = Release|Any CPU
		{5658B1DC-731A-49F5-BBC6-5C8625816D89}.Debug|Any CPU.ActiveCfg = Debug|Any CPU
		{5658B1DC-731A-49F5-BBC6-5C8625816D89}.Debug|Any CPU.Build.0 = Debug|Any CPU
		{5658B1DC-731A-49F5-BBC6-5C8625816D89}.Release|Any CPU.ActiveCfg = Release|Any CPU
		{5658B1DC-731A-49F5-BBC6-5C8625816D89}.Release|Any CPU.Build.0 = Release|Any CPU
		{1BD75F16-6EC7-4E15-A411-F508CD65FE5D}.Debug|Any CPU.ActiveCfg = Debug|Any CPU
		{1BD75F16-6EC7-4E15-A411-F508CD65FE5D}.Debug|Any CPU.Build.0 = Debug|Any CPU
		{1BD75F16-6EC7-4E15-A411-F508CD65FE5D}.Release|Any CPU.ActiveCfg = Release|Any CPU
		{1BD75F16-6EC7-4E15-A411-F508CD65FE5D}.Release|Any CPU.Build.0 = Release|Any CPU
	EndGlobalSection
	GlobalSection(SolutionProperties) = preSolution
		HideSolutionNode = FALSE
	EndGlobalSection
	GlobalSection(ExtensibilityGlobals) = postSolution
		SolutionGuid = {AD3DB2B1-BFEF-4B50-B65C-D2EB1917326E}
	EndGlobalSection
EndGlobal
